
Microsoft Visual Studio Solution File, Format Version 12.00
# Visual Studio Version 17
VisualStudioVersion = 17.4.33110.190
MinimumVisualStudioVersion = 10.0.40219.1
Project("{9A19103F-16F7-4668-BE54-9A1E7A4F7556}") = "AlgoTraining", "AlgoTraining\AlgoTraining.csproj", "{C9CB83B2-8FB3-42A8-88CF-9A189A523BA6}"
EndProject
Project("{9A19103F-16F7-4668-BE54-9A1E7A4F7556}") = "AlgoTrainingTests", "AlgoTrainingTests\AlgoTrainingTests.csproj", "{D803E1D9-5FDA-4019-B492-AC5CC9C6F0D2}"
EndProject
Global
	GlobalSection(SolutionConfigurationPlatforms) = preSolution
		Debug|Any CPU = Debug|Any CPU
		Release|Any CPU = Release|Any CPU
	EndGlobalSection
	GlobalSection(ProjectConfigurationPlatforms) = postSolution
		{C9CB83B2-8FB3-42A8-88CF-9A189A523BA6}.Debug|Any CPU.ActiveCfg = Debug|Any CPU
		{C9CB83B2-8FB3-42A8-88CF-9A189A523BA6}.Debug|Any CPU.Build.0 = Debug|Any CPU
		{C9CB83B2-8FB3-42A8-88CF-9A189A523BA6}.Release|Any CPU.ActiveCfg = Release|Any CPU
		{C9CB83B2-8FB3-42A8-88CF-9A189A523BA6}.Release|Any CPU.Build.0 = Release|Any CPU
		{D803E1D9-5FDA-4019-B492-AC5CC9C6F0D2}.Debug|Any CPU.ActiveCfg = Debug|Any CPU
		{D803E1D9-5FDA-4019-B492-AC5CC9C6F0D2}.Debug|Any CPU.Build.0 = Debug|Any CPU
		{D803E1D9-5FDA-4019-B492-AC5CC9C6F0D2}.Release|Any CPU.ActiveCfg = Release|Any CPU
		{D803E1D9-5FDA-4019-B492-AC5CC9C6F0D2}.Release|Any CPU.Build.0 = Release|Any CPU
	EndGlobalSection
	GlobalSection(SolutionProperties) = preSolution
		HideSolutionNode = FALSE
	EndGlobalSection
	GlobalSection(ExtensibilityGlobals) = postSolution
		SolutionGuid = {8232E53B-39EA-4918-9519-4EFDDBD1AAB5}
	EndGlobalSection
EndGlobal
